// !$*UTF8*$!
{
	archiveVersion = 1;
	classes = {
	};
	objectVersion = 46;
	objects = {

/* Begin PBXBuildFile section */
		F46DA97F1B7692DF00F29908 /* main.m in Sources */ = {isa = PBXBuildFile; fileRef = F46DA97E1B7692DF00F29908 /* main.m */; };
		F46DA9821B7692DF00F29908 /* AppDelegate.m in Sources */ = {isa = PBXBuildFile; fileRef = F46DA9811B7692DF00F29908 /* AppDelegate.m */; };
		F46DA9851B7692DF00F29908 /* ViewController.m in Sources */ = {isa = PBXBuildFile; fileRef = F46DA9841B7692DF00F29908 /* ViewController.m */; };
		F46DA9881B7692DF00F29908 /* Main.storyboard in Resources */ = {isa = PBXBuildFile; fileRef = F46DA9861B7692DF00F29908 /* Main.storyboard */; };
		F46DA98A1B7692DF00F29908 /* Images.xcassets in Resources */ = {isa = PBXBuildFile; fileRef = F46DA9891B7692DF00F29908 /* Images.xcassets */; };
		F46DA98D1B7692DF00F29908 /* LaunchScreen.xib in Resources */ = {isa = PBXBuildFile; fileRef = F46DA98B1B7692DF00F29908 /* LaunchScreen.xib */; };
		F46DA9991B7692DF00F29908 /* Digital_Leash_ParentTests.m in Sources */ = {isa = PBXBuildFile; fileRef = F46DA9981B7692DF00F29908 /* Digital_Leash_ParentTests.m */; };
/* End PBXBuildFile section */

/* Begin PBXContainerItemProxy section */
		F46DA9931B7692DF00F29908 /* PBXContainerItemProxy */ = {
			isa = PBXContainerItemProxy;
			containerPortal = F46DA9711B7692DF00F29908 /* Project object */;
			proxyType = 1;
			remoteGlobalIDString = F46DA9781B7692DF00F29908;
			remoteInfo = "Digital Leash_Parent";
		};
/* End PBXContainerItemProxy section */

/* Begin PBXFileReference section */
		F46DA9791B7692DF00F29908 /* Digital Leash_Parent.app */ = {isa = PBXFileReference; explicitFileType = wrapper.application; includeInIndex = 0; path = "Digital Leash_Parent.app"; sourceTree = BUILT_PRODUCTS_DIR; };
		F46DA97D1B7692DF00F29908 /* Info.plist */ = {isa = PBXFileReference; lastKnownFileType = text.plist.xml; path = Info.plist; sourceTree = "<group>"; };
		F46DA97E1B7692DF00F29908 /* main.m */ = {isa = PBXFileReference; lastKnownFileType = sourcecode.c.objc; path = main.m; sourceTree = "<group>"; };
		F46DA9801B7692DF00F29908 /* AppDelegate.h */ = {isa = PBXFileReference; lastKnownFileType = sourcecode.c.h; path = AppDelegate.h; sourceTree = "<group>"; };
		F46DA9811B7692DF00F29908 /* AppDelegate.m */ = {isa = PBXFileReference; lastKnownFileType = sourcecode.c.objc; path = AppDelegate.m; sourceTree = "<group>"; };
		F46DA9831B7692DF00F29908 /* ViewController.h */ = {isa = PBXFileReference; lastKnownFileType = sourcecode.c.h; path = ViewController.h; sourceTree = "<group>"; };
		F46DA9841B7692DF00F29908 /* ViewController.m */ = {isa = PBXFileReference; lastKnownFileType = sourcecode.c.objc; path = ViewController.m; sourceTree = "<group>"; };
		F46DA9871B7692DF00F29908 /* Base */ = {isa = PBXFileReference; lastKnownFileType = file.storyboard; name = Base; path = Base.lproj/Main.storyboard; sourceTree = "<group>"; };
		F46DA9891B7692DF00F29908 /* Images.xcassets */ = {isa = PBXFileReference; lastKnownFileType = folder.assetcatalog; path = Images.xcassets; sourceTree = "<group>"; };
		F46DA98C1B7692DF00F29908 /* Base */ = {isa = PBXFileReference; lastKnownFileType = file.xib; name = Base; path = Base.lproj/LaunchScreen.xib; sourceTree = "<group>"; };
		F46DA9921B7692DF00F29908 /* Digital Leash_ParentTests.xctest */ = {isa = PBXFileReference; explicitFileType = wrapper.cfbundle; includeInIndex = 0; path = "Digital Leash_ParentTests.xctest"; sourceTree = BUILT_PRODUCTS_DIR; };
		F46DA9971B7692DF00F29908 /* Info.plist */ = {isa = PBXFileReference; lastKnownFileType = text.plist.xml; path = Info.plist; sourceTree = "<group>"; };
		F46DA9981B7692DF00F29908 /* Digital_Leash_ParentTests.m */ = {isa = PBXFileReference; lastKnownFileType = sourcecode.c.objc; path = Digital_Leash_ParentTests.m; sourceTree = "<group>"; };
/* End PBXFileReference section */

/* Begin PBXFrameworksBuildPhase section */
		F46DA9761B7692DF00F29908 /* Frameworks */ = {
			isa = PBXFrameworksBuildPhase;
			buildActionMask = 2147483647;
			files = (
			);
			runOnlyForDeploymentPostprocessing = 0;
		};
		F46DA98F1B7692DF00F29908 /* Frameworks */ = {
			isa = PBXFrameworksBuildPhase;
			buildActionMask = 2147483647;
			files = (
			);
			runOnlyForDeploymentPostprocessing = 0;
		};
/* End PBXFrameworksBuildPhase section */

/* Begin PBXGroup section */
		F46DA9701B7692DF00F29908 = {
			isa = PBXGroup;
			children = (
				F46DA97B1B7692DF00F29908 /* Digital Leash_Parent */,
				F46DA9951B7692DF00F29908 /* Digital Leash_ParentTests */,
				F46DA97A1B7692DF00F29908 /* Products */,
			);
			sourceTree = "<group>";
		};
		F46DA97A1B7692DF00F29908 /* Products */ = {
			isa = PBXGroup;
			children = (
				F46DA9791B7692DF00F29908 /* Digital Leash_Parent.app */,
				F46DA9921B7692DF00F29908 /* Digital Leash_ParentTests.xctest */,
			);
			name = Products;
			sourceTree = "<group>";
		};
		F46DA97B1B7692DF00F29908 /* Digital Leash_Parent */ = {
			isa = PBXGroup;
			children = (
				F46DA9801B7692DF00F29908 /* AppDelegate.h */,
				F46DA9811B7692DF00F29908 /* AppDelegate.m */,
				F46DA9831B7692DF00F29908 /* ViewController.h */,
				F46DA9841B7692DF00F29908 /* ViewController.m */,
				F46DA9861B7692DF00F29908 /* Main.storyboard */,
				F46DA9891B7692DF00F29908 /* Images.xcassets */,
				F46DA98B1B7692DF00F29908 /* LaunchScreen.xib */,
				F46DA97C1B7692DF00F29908 /* Supporting Files */,
			);
			path = "Digital Leash_Parent";
			sourceTree = "<group>";
		};
		F46DA97C1B7692DF00F29908 /* Supporting Files */ = {
			isa = PBXGroup;
			children = (
				F46DA97D1B7692DF00F29908 /* Info.plist */,
				F46DA97E1B7692DF00F29908 /* main.m */,
			);
			name = "Supporting Files";
			sourceTree = "<group>";
		};
		F46DA9951B7692DF00F29908 /* Digital Leash_ParentTests */ = {
			isa = PBXGroup;
			children = (
				F46DA9981B7692DF00F29908 /* Digital_Leash_ParentTests.m */,
				F46DA9961B7692DF00F29908 /* Supporting Files */,
			);
			path = "Digital Leash_ParentTests";
			sourceTree = "<group>";
		};
		F46DA9961B7692DF00F29908 /* Supporting Files */ = {
			isa = PBXGroup;
			children = (
				F46DA9971B7692DF00F29908 /* Info.plist */,
			);
			name = "Supporting Files";
			sourceTree = "<group>";
		};
/* End PBXGroup section */

/* Begin PBXNativeTarget section */
		F46DA9781B7692DF00F29908 /* Digital Leash_Parent */ = {
			isa = PBXNativeTarget;
			buildConfigurationList = F46DA99C1B7692DF00F29908 /* Build configuration list for PBXNativeTarget "Digital Leash_Parent" */;
			buildPhases = (
				F46DA9751B7692DF00F29908 /* Sources */,
				F46DA9761B7692DF00F29908 /* Frameworks */,
				F46DA9771B7692DF00F29908 /* Resources */,
			);
			buildRules = (
			);
			dependencies = (
			);
			name = "Digital Leash_Parent";
			productName = "Digital Leash_Parent";
			productReference = F46DA9791B7692DF00F29908 /* Digital Leash_Parent.app */;
			productType = "com.apple.product-type.application";
		};
		F46DA9911B7692DF00F29908 /* Digital Leash_ParentTests */ = {
			isa = PBXNativeTarget;
			buildConfigurationList = F46DA99F1B7692DF00F29908 /* Build configuration list for PBXNativeTarget "Digital Leash_ParentTests" */;
			buildPhases = (
				F46DA98E1B7692DF00F29908 /* Sources */,
				F46DA98F1B7692DF00F29908 /* Frameworks */,
				F46DA9901B7692DF00F29908 /* Resources */,
			);
			buildRules = (
			);
			dependencies = (
				F46DA9941B7692DF00F29908 /* PBXTargetDependency */,
			);
			name = "Digital Leash_ParentTests";
			productName = "Digital Leash_ParentTests";
			productReference = F46DA9921B7692DF00F29908 /* Digital Leash_ParentTests.xctest */;
			productType = "com.apple.product-type.bundle.unit-test";
		};
/* End PBXNativeTarget section */

/* Begin PBXProject section */
		F46DA9711B7692DF00F29908 /* Project object */ = {
			isa = PBXProject;
			attributes = {
				LastUpgradeCheck = 0640;
				ORGANIZATIONNAME = "Bryan Fein";
				TargetAttributes = {
					F46DA9781B7692DF00F29908 = {
						CreatedOnToolsVersion = 6.4;
					};
					F46DA9911B7692DF00F29908 = {
						CreatedOnToolsVersion = 6.4;
						TestTargetID = F46DA9781B7692DF00F29908;
					};
				};
			};
			buildConfigurationList = F46DA9741B7692DF00F29908 /* Build configuration list for PBXProject "Digital Leash_Parent" */;
			compatibilityVersion = "Xcode 3.2";
			developmentRegion = English;
			hasScannedForEncodings = 0;
			knownRegions = (
				en,
				Base,
			);
			mainGroup = F46DA9701B7692DF00F29908;
			productRefGroup = F46DA97A1B7692DF00F29908 /* Products */;
			projectDirPath = "";
			projectRoot = "";
			targets = (
				F46DA9781B7692DF00F29908 /* Digital Leash_Parent */,
				F46DA9911B7692DF00F29908 /* Digital Leash_ParentTests */,
			);
		};
/* End PBXProject section */

/* Begin PBXResourcesBuildPhase section */
		F46DA9771B7692DF00F29908 /* Resources */ = {
			isa = PBXResourcesBuildPhase;
			buildActionMask = 2147483647;
			files = (
				F46DA9881B7692DF00F29908 /* Main.storyboard in Resources */,
				F46DA98D1B7692DF00F29908 /* LaunchScreen.xib in Resources */,
				F46DA98A1B7692DF00F29908 /* Images.xcassets in Resources */,
			);
			runOnlyForDeploymentPostprocessing = 0;
		};
		F46DA9901B7692DF00F29908 /* Resources */ = {
			isa = PBXResourcesBuildPhase;
			buildActionMask = 2147483647;
			files = (
			);
			runOnlyForDeploymentPostprocessing = 0;
		};
/* End PBXResourcesBuildPhase section */

/* Begin PBXSourcesBuildPhase section */
		F46DA9751B7692DF00F29908 /* Sources */ = {
			isa = PBXSourcesBuildPhase;
			buildActionMask = 2147483647;
			files = (
				F46DA9851B7692DF00F29908 /* ViewController.m in Sources */,
				F46DA9821B7692DF00F29908 /* AppDelegate.m in Sources */,
				F46DA97F1B7692DF00F29908 /* main.m in Sources */,
			);
			runOnlyForDeploymentPostprocessing = 0;
		};
		F46DA98E1B7692DF00F29908 /* Sources */ = {
			isa = PBXSourcesBuildPhase;
			buildActionMask = 2147483647;
			files = (
				F46DA9991B7692DF00F29908 /* Digital_Leash_ParentTests.m in Sources */,
			);
			runOnlyForDeploymentPostprocessing = 0;
		};
/* End PBXSourcesBuildPhase section */

/* Begin PBXTargetDependency section */
		F46DA9941B7692DF00F29908 /* PBXTargetDependency */ = {
			isa = PBXTargetDependency;
			target = F46DA9781B7692DF00F29908 /* Digital Leash_Parent */;
			targetProxy = F46DA9931B7692DF00F29908 /* PBXContainerItemProxy */;
		};
/* End PBXTargetDependency section */

/* Begin PBXVariantGroup section */
		F46DA9861B7692DF00F29908 /* Main.storyboard */ = {
			isa = PBXVariantGroup;
			children = (
				F46DA9871B7692DF00F29908 /* Base */,
			);
			name = Main.storyboard;
			sourceTree = "<group>";
		};
		F46DA98B1B7692DF00F29908 /* LaunchScreen.xib */ = {
			isa = PBXVariantGroup;
			children = (
				F46DA98C1B7692DF00F29908 /* Base */,
			);
			name = LaunchScreen.xib;
			sourceTree = "<group>";
		};
/* End PBXVariantGroup section */

/* Begin XCBuildConfiguration section */
		F46DA99A1B7692DF00F29908 /* Debug */ = {
			isa = XCBuildConfiguration;
			buildSettings = {
				ALWAYS_SEARCH_USER_PATHS = NO;
				CLANG_CXX_LANGUAGE_STANDARD = "gnu++0x";
				CLANG_CXX_LIBRARY = "libc++";
				CLANG_ENABLE_MODULES = YES;
				CLANG_ENABLE_OBJC_ARC = YES;
				CLANG_WARN_BOOL_CONVERSION = YES;
				CLANG_WARN_CONSTANT_CONVERSION = YES;
				CLANG_WARN_DIRECT_OBJC_ISA_USAGE = YES_ERROR;
				CLANG_WARN_EMPTY_BODY = YES;
				CLANG_WARN_ENUM_CONVERSION = YES;
				CLANG_WARN_INT_CONVERSION = YES;
				CLANG_WARN_OBJC_ROOT_CLASS = YES_ERROR;
				CLANG_WARN_UNREACHABLE_CODE = YES;
				CLANG_WARN__DUPLICATE_METHOD_MATCH = YES;
				"CODE_SIGN_IDENTITY[sdk=iphoneos*]" = "iPhone Developer";
				COPY_PHASE_STRIP = NO;
				DEBUG_INFORMATION_FORMAT = "dwarf-with-dsym";
				ENABLE_STRICT_OBJC_MSGSEND = YES;
				GCC_C_LANGUAGE_STANDARD = gnu99;
				GCC_DYNAMIC_NO_PIC = NO;
				GCC_NO_COMMON_BLOCKS = YES;
				GCC_OPTIMIZATION_LEVEL = 0;
				GCC_PREPROCESSOR_DEFINITIONS = (
					"DEBUG=1",
					"$(inherited)",
				);
				GCC_SYMBOLS_PRIVATE_EXTERN = NO;
				GCC_WARN_64_TO_32_BIT_CONVERSION = YES;
				GCC_WARN_ABOUT_RETURN_TYPE = YES_ERROR;
				GCC_WARN_UNDECLARED_SELECTOR = YES;
				GCC_WARN_UNINITIALIZED_AUTOS = YES_AGGRESSIVE;
				GCC_WARN_UNUSED_FUNCTION = YES;
				GCC_WARN_UNUSED_VARIABLE = YES;
				IPHONEOS_DEPLOYMENT_TARGET = 8.4;
				MTL_ENABLE_DEBUG_INFO = YES;
				ONLY_ACTIVE_ARCH = YES;
				SDKROOT = iphoneos;
			};
			name = Debug;
		};
		F46DA99B1B7692DF00F29908 /* Release */ = {
			isa = XCBuildConfiguration;
			buildSettings = {
				ALWAYS_SEARCH_USER_PATHS = NO;
				CLANG_CXX_LANGUAGE_STANDARD = "gnu++0x";
				CLANG_CXX_LIBRARY = "libc++";
				CLANG_ENABLE_MODULES = YES;
				CLANG_ENABLE_OBJC_ARC = YES;
				CLANG_WARN_BOOL_CONVERSION = YES;
				CLANG_WARN_CONSTANT_CONVERSION = YES;
				CLANG_WARN_DIRECT_OBJC_ISA_USAGE = YES_ERROR;
				CLANG_WARN_EMPTY_BODY = YES;
				CLANG_WARN_ENUM_CONVERSION = YES;
				CLANG_WARN_INT_CONVERSION = YES;
				CLANG_WARN_OBJC_ROOT_CLASS = YES_ERROR;
				CLANG_WARN_UNREACHABLE_CODE = YES;
				CLANG_WARN__DUPLICATE_METHOD_MATCH = YES;
				"CODE_SIGN_IDENTITY[sdk=iphoneos*]" = "iPhone Developer";
				COPY_PHASE_STRIP = NO;
				DEBUG_INFORMATION_FORMAT = "dwarf-with-dsym";
				ENABLE_NS_ASSERTIONS = NO;
				ENABLE_STRICT_OBJC_MSGSEND = YES;
				GCC_C_LANGUAGE_STANDARD = gnu99;
				GCC_NO_COMMON_BLOCKS = YES;
				GCC_WARN_64_TO_32_BIT_CONVERSION = YES;
				GCC_WARN_ABOUT_RETURN_TYPE = YES_ERROR;
				GCC_WARN_UNDECLARED_SELECTOR = YES;
				GCC_WARN_UNINITIALIZED_AUTOS = YES_AGGRESSIVE;
				GCC_WARN_UNUSED_FUNCTION = YES;
				GCC_WARN_UNUSED_VARIABLE = YES;
				IPHONEOS_DEPLOYMENT_TARGET = 8.4;
				MTL_ENABLE_DEBUG_INFO = NO;
				SDKROOT = iphoneos;
				VALIDATE_PRODUCT = YES;
			};
			name = Release;
		};
		F46DA99D1B7692DF00F29908 /* Debug */ = {
			isa = XCBuildConfiguration;
			buildSettings = {
				ASSETCATALOG_COMPILER_APPICON_NAME = AppIcon;
				INFOPLIST_FILE = "Digital Leash_Parent/Info.plist";
				LD_RUNPATH_SEARCH_PATHS = "$(inherited) @executable_path/Frameworks";
				PRODUCT_NAME = "$(TARGET_NAME)";
			};
			name = Debug;
		};
		F46DA99E1B7692DF00F29908 /* Release */ = {
			isa = XCBuildConfiguration;
			buildSettings = {
				ASSETCATALOG_COMPILER_APPICON_NAME = AppIcon;
				INFOPLIST_FILE = "Digital Leash_Parent/Info.plist";
				LD_RUNPATH_SEARCH_PATHS = "$(inherited) @executable_path/Frameworks";
				PRODUCT_NAME = "$(TARGET_NAME)";
			};
			name = Release;
		};
		F46DA9A01B7692DF00F29908 /* Debug */ = {
			isa = XCBuildConfiguration;
			buildSettings = {
				BUNDLE_LOADER = "$(TEST_HOST)";
				FRAMEWORK_SEARCH_PATHS = (
					"$(SDKROOT)/Developer/Library/Frameworks",
					"$(inherited)",
				);
				GCC_PREPROCESSOR_DEFINITIONS = (
					"DEBUG=1",
					"$(inherited)",
				);
				INFOPLIST_FILE = "Digital Leash_ParentTests/Info.plist";
				LD_RUNPATH_SEARCH_PATHS = "$(inherited) @executable_path/Frameworks @loader_path/Frameworks";
				PRODUCT_NAME = "$(TARGET_NAME)";
				TEST_HOST = "$(BUILT_PRODUCTS_DIR)/Digital Leash_Parent.app/Digital Leash_Parent";
			};
			name = Debug;
		};
		F46DA9A11B7692DF00F29908 /* Release */ = {
			isa = XCBuildConfiguration;
			buildSettings = {
				BUNDLE_LOADER = "$(TEST_HOST)";
				FRAMEWORK_SEARCH_PATHS = (
					"$(SDKROOT)/Developer/Library/Frameworks",
					"$(inherited)",
				);
				INFOPLIST_FILE = "Digital Leash_ParentTests/Info.plist";
				LD_RUNPATH_SEARCH_PATHS = "$(inherited) @executable_path/Frameworks @loader_path/Frameworks";
				PRODUCT_NAME = "$(TARGET_NAME)";
				TEST_HOST = "$(BUILT_PRODUCTS_DIR)/Digital Leash_Parent.app/Digital Leash_Parent";
			};
			name = Release;
		};
/* End XCBuildConfiguration section */

/* Begin XCConfigurationList section */
		F46DA9741B7692DF00F29908 /* Build configuration list for PBXProject "Digital Leash_Parent" */ = {
			isa = XCConfigurationList;
			buildConfigurations = (
				F46DA99A1B7692DF00F29908 /* Debug */,
				F46DA99B1B7692DF00F29908 /* Release */,
			);
			defaultConfigurationIsVisible = 0;
			defaultConfigurationName = Release;
		};
		F46DA99C1B7692DF00F29908 /* Build configuration list for PBXNativeTarget "Digital Leash_Parent" */ = {
			isa = XCConfigurationList;
			buildConfigurations = (
				F46DA99D1B7692DF00F29908 /* Debug */,
				F46DA99E1B7692DF00F29908 /* Release */,
			);
			defaultConfigurationIsVisible = 0;
		};
		F46DA99F1B7692DF00F29908 /* Build configuration list for PBXNativeTarget "Digital Leash_ParentTests" */ = {
			isa = XCConfigurationList;
			buildConfigurations = (
				F46DA9A01B7692DF00F29908 /* Debug */,
				F46DA9A11B7692DF00F29908 /* Release */,
			);
			defaultConfigurationIsVisible = 0;
		};
/* End XCConfigurationList section */
	};
	rootObject = F46DA9711B7692DF00F29908 /* Project object */;
}
